
Microsoft Visual Studio Solution File, Format Version 12.00
# Visual Studio Version 17
VisualStudioVersion = 17.5.002.0
MinimumVisualStudioVersion = 10.0.40219.1
Project("{2150E333-8FDC-42A3-9474-1A3956D46DE8}") = "apps", "apps", "{E4D83F3B-0D98-4114-AEE9-8402E485DFC7}"
EndProject
Project("{2150E333-8FDC-42A3-9474-1A3956D46DE8}") = "eduhub-api", "eduhub-api", "{A447B185-F139-4860-974F-5E19D7285729}"
EndProject
Project("{9A19103F-16F7-4668-BE54-9A1E7A4F7556}") = "EduhubDotnet.API", "apps\eduhub-api\eduhub-api\EduhubDotnet.API.csproj", "{1ED89FA5-981B-44F7-8B69-B85CB5B6FF31}"
EndProject
Project("{9A19103F-16F7-4668-BE54-9A1E7A4F7556}") = "EduhubDotnet.Application", "libs\eduhub-dotnet\core\eduhub.application\EduhubDotnet.Application.csproj", "{1BF85115-4174-473E-8FCE-6A6205E024DC}"
EndProject
Project("{2150E333-8FDC-42A3-9474-1A3956D46DE8}") = "eduhub-dotnet", "eduhub-dotnet", "{7B6DBEAE-A9B0-4832-9610-B8D9BC2A6AD8}"
EndProject
Project("{2150E333-8FDC-42A3-9474-1A3956D46DE8}") = "core", "core", "{5EA34EE5-1342-4F5D-89EF-886AC9398A92}"
EndProject
Project("{2150E333-8FDC-42A3-9474-1A3956D46DE8}") = "infrastructure", "infrastructure", "{DA78DEC2-2979-4170-A2D1-AAA6519D5633}"
EndProject
Project("{9A19103F-16F7-4668-BE54-9A1E7A4F7556}") = "EduhubDotnet.Domain", "libs\eduhub-dotnet\core\eduhub.domain\EduhubDotnet.Domain.csproj", "{3F05F5BE-DB5A-4D57-A05A-AA1E2221B893}"
EndProject
Project("{9A19103F-16F7-4668-BE54-9A1E7A4F7556}") = "EduhubDotnet.Infrastructure", "libs\eduhub-dotnet\infrastructure\eduhub.infrastructure\EduhubDotnet.Infrastructure.csproj", "{A3EA3B9F-F0C3-4DAA-8217-931B0EA43597}"
EndProject
Project("{9A19103F-16F7-4668-BE54-9A1E7A4F7556}") = "EduhubDotnet.Persistence", "libs\eduhub-dotnet\infrastructure\eduhub.persistence\EduhubDotnet.Persistence.csproj", "{8B2B4F7B-D127-4768-BD77-172F3380E0BE}"
EndProject
Global
	GlobalSection(SolutionConfigurationPlatforms) = preSolution
		Debug|Any CPU = Debug|Any CPU
		Release|Any CPU = Release|Any CPU
	EndGlobalSection
	GlobalSection(ProjectConfigurationPlatforms) = postSolution
		{1ED89FA5-981B-44F7-8B69-B85CB5B6FF31}.Debug|Any CPU.ActiveCfg = Debug|Any CPU
		{1ED89FA5-981B-44F7-8B69-B85CB5B6FF31}.Debug|Any CPU.Build.0 = Debug|Any CPU
		{1ED89FA5-981B-44F7-8B69-B85CB5B6FF31}.Release|Any CPU.ActiveCfg = Release|Any CPU
		{1ED89FA5-981B-44F7-8B69-B85CB5B6FF31}.Release|Any CPU.Build.0 = Release|Any CPU
		{1BF85115-4174-473E-8FCE-6A6205E024DC}.Debug|Any CPU.ActiveCfg = Debug|Any CPU
		{1BF85115-4174-473E-8FCE-6A6205E024DC}.Debug|Any CPU.Build.0 = Debug|Any CPU
		{1BF85115-4174-473E-8FCE-6A6205E024DC}.Release|Any CPU.ActiveCfg = Release|Any CPU
		{1BF85115-4174-473E-8FCE-6A6205E024DC}.Release|Any CPU.Build.0 = Release|Any CPU
		{3F05F5BE-DB5A-4D57-A05A-AA1E2221B893}.Debug|Any CPU.ActiveCfg = Debug|Any CPU
		{3F05F5BE-DB5A-4D57-A05A-AA1E2221B893}.Debug|Any CPU.Build.0 = Debug|Any CPU
		{3F05F5BE-DB5A-4D57-A05A-AA1E2221B893}.Release|Any CPU.ActiveCfg = Release|Any CPU
		{3F05F5BE-DB5A-4D57-A05A-AA1E2221B893}.Release|Any CPU.Build.0 = Release|Any CPU
		{A3EA3B9F-F0C3-4DAA-8217-931B0EA43597}.Debug|Any CPU.ActiveCfg = Debug|Any CPU
		{A3EA3B9F-F0C3-4DAA-8217-931B0EA43597}.Debug|Any CPU.Build.0 = Debug|Any CPU
		{A3EA3B9F-F0C3-4DAA-8217-931B0EA43597}.Release|Any CPU.ActiveCfg = Release|Any CPU
		{A3EA3B9F-F0C3-4DAA-8217-931B0EA43597}.Release|Any CPU.Build.0 = Release|Any CPU
		{8B2B4F7B-D127-4768-BD77-172F3380E0BE}.Debug|Any CPU.ActiveCfg = Debug|Any CPU
		{8B2B4F7B-D127-4768-BD77-172F3380E0BE}.Debug|Any CPU.Build.0 = Debug|Any CPU
		{8B2B4F7B-D127-4768-BD77-172F3380E0BE}.Release|Any CPU.ActiveCfg = Release|Any CPU
		{8B2B4F7B-D127-4768-BD77-172F3380E0BE}.Release|Any CPU.Build.0 = Release|Any CPU
	EndGlobalSection
	GlobalSection(SolutionProperties) = preSolution
		HideSolutionNode = FALSE
	EndGlobalSection
	GlobalSection(NestedProjects) = preSolution
		{A447B185-F139-4860-974F-5E19D7285729} = {E4D83F3B-0D98-4114-AEE9-8402E485DFC7}
		{1ED89FA5-981B-44F7-8B69-B85CB5B6FF31} = {A447B185-F139-4860-974F-5E19D7285729}
		{1BF85115-4174-473E-8FCE-6A6205E024DC} = {5EA34EE5-1342-4F5D-89EF-886AC9398A92}
		{5EA34EE5-1342-4F5D-89EF-886AC9398A92} = {7B6DBEAE-A9B0-4832-9610-B8D9BC2A6AD8}
		{DA78DEC2-2979-4170-A2D1-AAA6519D5633} = {7B6DBEAE-A9B0-4832-9610-B8D9BC2A6AD8}
		{3F05F5BE-DB5A-4D57-A05A-AA1E2221B893} = {5EA34EE5-1342-4F5D-89EF-886AC9398A92}
		{A3EA3B9F-F0C3-4DAA-8217-931B0EA43597} = {DA78DEC2-2979-4170-A2D1-AAA6519D5633}
		{8B2B4F7B-D127-4768-BD77-172F3380E0BE} = {DA78DEC2-2979-4170-A2D1-AAA6519D5633}
	EndGlobalSection
	GlobalSection(ExtensibilityGlobals) = postSolution
		SolutionGuid = {1F7A1930-0776-45C2-A221-FD6AB7011ADA}
	EndGlobalSection
EndGlobal
