
Microsoft Visual Studio Solution File, Format Version 12.00
# Visual Studio Version 17
VisualStudioVersion = 17.5.002.0
MinimumVisualStudioVersion = 10.0.40219.1
Project("{2150E333-8FDC-42A3-9474-1A3956D46DE8}") = "apps", "apps", "{E4D83F3B-0D98-4114-AEE9-8402E485DFC7}"
EndProject
Project("{2150E333-8FDC-42A3-9474-1A3956D46DE8}") = "eduhub-api", "eduhub-api", "{A447B185-F139-4860-974F-5E19D7285729}"
EndProject
Project("{9A19103F-16F7-4668-BE54-9A1E7A4F7556}") = "Mcloots.EduhubApi.EduhubApi", "apps\eduhub-api\eduhub-api\Mcloots.EduhubApi.EduhubApi.csproj", "{1ED89FA5-981B-44F7-8B69-B85CB5B6FF31}"
EndProject
Project("{9A19103F-16F7-4668-BE54-9A1E7A4F7556}") = "Mcloots.EduhubApi.EduhubApi.Test", "apps\eduhub-api\eduhub-api-test\Mcloots.EduhubApi.EduhubApi.Test.csproj", "{C92AFC7D-DB5B-4938-85CE-942FC8DAA45B}"
EndProject
Global
	GlobalSection(SolutionConfigurationPlatforms) = preSolution
		Debug|Any CPU = Debug|Any CPU
		Release|Any CPU = Release|Any CPU
	EndGlobalSection
	GlobalSection(ProjectConfigurationPlatforms) = postSolution
		{1ED89FA5-981B-44F7-8B69-B85CB5B6FF31}.Debug|Any CPU.ActiveCfg = Debug|Any CPU
		{1ED89FA5-981B-44F7-8B69-B85CB5B6FF31}.Debug|Any CPU.Build.0 = Debug|Any CPU
		{1ED89FA5-981B-44F7-8B69-B85CB5B6FF31}.Release|Any CPU.ActiveCfg = Release|Any CPU
		{1ED89FA5-981B-44F7-8B69-B85CB5B6FF31}.Release|Any CPU.Build.0 = Release|Any CPU
		{C92AFC7D-DB5B-4938-85CE-942FC8DAA45B}.Debug|Any CPU.ActiveCfg = Debug|Any CPU
		{C92AFC7D-DB5B-4938-85CE-942FC8DAA45B}.Debug|Any CPU.Build.0 = Debug|Any CPU
		{C92AFC7D-DB5B-4938-85CE-942FC8DAA45B}.Release|Any CPU.ActiveCfg = Release|Any CPU
		{C92AFC7D-DB5B-4938-85CE-942FC8DAA45B}.Release|Any CPU.Build.0 = Release|Any CPU
	EndGlobalSection
	GlobalSection(SolutionProperties) = preSolution
		HideSolutionNode = FALSE
	EndGlobalSection
	GlobalSection(NestedProjects) = preSolution
		{A447B185-F139-4860-974F-5E19D7285729} = {E4D83F3B-0D98-4114-AEE9-8402E485DFC7}
		{1ED89FA5-981B-44F7-8B69-B85CB5B6FF31} = {A447B185-F139-4860-974F-5E19D7285729}
		{C92AFC7D-DB5B-4938-85CE-942FC8DAA45B} = {A447B185-F139-4860-974F-5E19D7285729}
	EndGlobalSection
	GlobalSection(ExtensibilityGlobals) = postSolution
		SolutionGuid = {1F7A1930-0776-45C2-A221-FD6AB7011ADA}
	EndGlobalSection
EndGlobal
